<Solution>
  <Project Path="FactoryMethodPattern/AbstractFactory/AbstractFactory/AbstractFactoryPattern.csproj" />
  <Project Path="FactoryMethodPattern/SimpleFactory/SimpleFactory.csproj" />
  <Project Path="FactoryMethodPattern/SimpleFactoryToAbstract/SimpleFactoryToAbstract.csproj" />
</Solution>
